
Microsoft Visual Studio Solution File, Format Version 12.00
# Visual Studio Version 17
VisualStudioVersion = 17.4.33205.214
MinimumVisualStudioVersion = 10.0.40219.1
Project("{FAE04EC0-301F-11D3-BF4B-00C04F79EFBC}") = "Task Homework", "Task Homework\Task Homework.csproj", "{BD4EE2CC-6663-4E3A-B3D7-81F9CF582043}"
EndProject
Project("{FAE04EC0-301F-11D3-BF4B-00C04F79EFBC}") = "DomainLayer", "DomainLayer\DomainLayer.csproj", "{01B2A154-48B0-42F6-B314-36DA4E5E581A}"
EndProject
Project("{FAE04EC0-301F-11D3-BF4B-00C04F79EFBC}") = "ServiceLayer", "ServiceLayer\ServiceLayer.csproj", "{1F667293-D682-4349-9E83-6187A22353F9}"
EndProject
Global
	GlobalSection(SolutionConfigurationPlatforms) = preSolution
		Debug|Any CPU = Debug|Any CPU
		Release|Any CPU = Release|Any CPU
	EndGlobalSection
	GlobalSection(ProjectConfigurationPlatforms) = postSolution
		{BD4EE2CC-6663-4E3A-B3D7-81F9CF582043}.Debug|Any CPU.ActiveCfg = Debug|Any CPU
		{BD4EE2CC-6663-4E3A-B3D7-81F9CF582043}.Debug|Any CPU.Build.0 = Debug|Any CPU
		{BD4EE2CC-6663-4E3A-B3D7-81F9CF582043}.Release|Any CPU.ActiveCfg = Release|Any CPU
		{BD4EE2CC-6663-4E3A-B3D7-81F9CF582043}.Release|Any CPU.Build.0 = Release|Any CPU
		{01B2A154-48B0-42F6-B314-36DA4E5E581A}.Debug|Any CPU.ActiveCfg = Debug|Any CPU
		{01B2A154-48B0-42F6-B314-36DA4E5E581A}.Debug|Any CPU.Build.0 = Debug|Any CPU
		{01B2A154-48B0-42F6-B314-36DA4E5E581A}.Release|Any CPU.ActiveCfg = Release|Any CPU
		{01B2A154-48B0-42F6-B314-36DA4E5E581A}.Release|Any CPU.Build.0 = Release|Any CPU
		{1F667293-D682-4349-9E83-6187A22353F9}.Debug|Any CPU.ActiveCfg = Debug|Any CPU
		{1F667293-D682-4349-9E83-6187A22353F9}.Debug|Any CPU.Build.0 = Debug|Any CPU
		{1F667293-D682-4349-9E83-6187A22353F9}.Release|Any CPU.ActiveCfg = Release|Any CPU
		{1F667293-D682-4349-9E83-6187A22353F9}.Release|Any CPU.Build.0 = Release|Any CPU
	EndGlobalSection
	GlobalSection(SolutionProperties) = preSolution
		HideSolutionNode = FALSE
	EndGlobalSection
	GlobalSection(ExtensibilityGlobals) = postSolution
		SolutionGuid = {EE2591D9-1195-47A8-BF0F-A06A40E7E117}
	EndGlobalSection
EndGlobal
